
Microsoft Visual Studio Solution File, Format Version 12.00
# Visual Studio Version 17
VisualStudioVersion = 17.12.35527.113
MinimumVisualStudioVersion = 10.0.40219.1
Project("{FAE04EC0-301F-11D3-BF4B-00C04F79EFBC}") = "1Generics", "1Generics\1Generics.csproj", "{89C989C2-9BAF-42FC-BFD3-5A41292F6555}"
EndProject
Project("{FAE04EC0-301F-11D3-BF4B-00C04F79EFBC}") = "2Generics", "2Generics\2Generics.csproj", "{FFDEDEE8-14B5-4D4D-BFB3-39BDCF72CEBE}"
EndProject
Project("{FAE04EC0-301F-11D3-BF4B-00C04F79EFBC}") = "3HashCode_Equals", "3HashCode_Equals\3HashCode_Equals.csproj", "{EAD0C1D2-797B-480B-8DBF-CE1EB50C2A49}"
EndProject
Project("{FAE04EC0-301F-11D3-BF4B-00C04F79EFBC}") = "4Dictionary", "4Dictionary\4Dictionary.csproj", "{30896FC0-3E0F-46B9-B0D7-1A4AEF1F564B}"
EndProject
Project("{FAE04EC0-301F-11D3-BF4B-00C04F79EFBC}") = "5Exercicio", "5Exercicio\5Exercicio.csproj", "{1A1D7C7C-A11F-4D58-81AB-5BB48DD17E24}"
EndProject
Project("{FAE04EC0-301F-11D3-BF4B-00C04F79EFBC}") = "6SortedDictionary", "6SortedDictionary\6SortedDictionary.csproj", "{328F4F83-B23F-4A9D-A280-F3459F44B648}"
EndProject
Project("{FAE04EC0-301F-11D3-BF4B-00C04F79EFBC}") = "7HashSet", "7HashSet\7HashSet.csproj", "{4AA1AF0D-73A0-42BA-AF8B-4CEA551F39D4}"
EndProject
Project("{FAE04EC0-301F-11D3-BF4B-00C04F79EFBC}") = "8HashSet", "8HashSet\8HashSet.csproj", "{3580D030-B74A-4288-B04C-79157989DB36}"
EndProject
Global
	GlobalSection(SolutionConfigurationPlatforms) = preSolution
		Debug|Any CPU = Debug|Any CPU
		Release|Any CPU = Release|Any CPU
	EndGlobalSection
	GlobalSection(ProjectConfigurationPlatforms) = postSolution
		{89C989C2-9BAF-42FC-BFD3-5A41292F6555}.Debug|Any CPU.ActiveCfg = Debug|Any CPU
		{89C989C2-9BAF-42FC-BFD3-5A41292F6555}.Debug|Any CPU.Build.0 = Debug|Any CPU
		{89C989C2-9BAF-42FC-BFD3-5A41292F6555}.Release|Any CPU.ActiveCfg = Release|Any CPU
		{89C989C2-9BAF-42FC-BFD3-5A41292F6555}.Release|Any CPU.Build.0 = Release|Any CPU
		{FFDEDEE8-14B5-4D4D-BFB3-39BDCF72CEBE}.Debug|Any CPU.ActiveCfg = Debug|Any CPU
		{FFDEDEE8-14B5-4D4D-BFB3-39BDCF72CEBE}.Debug|Any CPU.Build.0 = Debug|Any CPU
		{FFDEDEE8-14B5-4D4D-BFB3-39BDCF72CEBE}.Release|Any CPU.ActiveCfg = Release|Any CPU
		{FFDEDEE8-14B5-4D4D-BFB3-39BDCF72CEBE}.Release|Any CPU.Build.0 = Release|Any CPU
		{EAD0C1D2-797B-480B-8DBF-CE1EB50C2A49}.Debug|Any CPU.ActiveCfg = Debug|Any CPU
		{EAD0C1D2-797B-480B-8DBF-CE1EB50C2A49}.Debug|Any CPU.Build.0 = Debug|Any CPU
		{EAD0C1D2-797B-480B-8DBF-CE1EB50C2A49}.Release|Any CPU.ActiveCfg = Release|Any CPU
		{EAD0C1D2-797B-480B-8DBF-CE1EB50C2A49}.Release|Any CPU.Build.0 = Release|Any CPU
		{30896FC0-3E0F-46B9-B0D7-1A4AEF1F564B}.Debug|Any CPU.ActiveCfg = Debug|Any CPU
		{30896FC0-3E0F-46B9-B0D7-1A4AEF1F564B}.Debug|Any CPU.Build.0 = Debug|Any CPU
		{30896FC0-3E0F-46B9-B0D7-1A4AEF1F564B}.Release|Any CPU.ActiveCfg = Release|Any CPU
		{30896FC0-3E0F-46B9-B0D7-1A4AEF1F564B}.Release|Any CPU.Build.0 = Release|Any CPU
		{1A1D7C7C-A11F-4D58-81AB-5BB48DD17E24}.Debug|Any CPU.ActiveCfg = Debug|Any CPU
		{1A1D7C7C-A11F-4D58-81AB-5BB48DD17E24}.Debug|Any CPU.Build.0 = Debug|Any CPU
		{1A1D7C7C-A11F-4D58-81AB-5BB48DD17E24}.Release|Any CPU.ActiveCfg = Release|Any CPU
		{1A1D7C7C-A11F-4D58-81AB-5BB48DD17E24}.Release|Any CPU.Build.0 = Release|Any CPU
		{328F4F83-B23F-4A9D-A280-F3459F44B648}.Debug|Any CPU.ActiveCfg = Debug|Any CPU
		{328F4F83-B23F-4A9D-A280-F3459F44B648}.Debug|Any CPU.Build.0 = Debug|Any CPU
		{328F4F83-B23F-4A9D-A280-F3459F44B648}.Release|Any CPU.ActiveCfg = Release|Any CPU
		{328F4F83-B23F-4A9D-A280-F3459F44B648}.Release|Any CPU.Build.0 = Release|Any CPU
		{4AA1AF0D-73A0-42BA-AF8B-4CEA551F39D4}.Debug|Any CPU.ActiveCfg = Debug|Any CPU
		{4AA1AF0D-73A0-42BA-AF8B-4CEA551F39D4}.Debug|Any CPU.Build.0 = Debug|Any CPU
		{4AA1AF0D-73A0-42BA-AF8B-4CEA551F39D4}.Release|Any CPU.ActiveCfg = Release|Any CPU
		{4AA1AF0D-73A0-42BA-AF8B-4CEA551F39D4}.Release|Any CPU.Build.0 = Release|Any CPU
		{3580D030-B74A-4288-B04C-79157989DB36}.Debug|Any CPU.ActiveCfg = Debug|Any CPU
		{3580D030-B74A-4288-B04C-79157989DB36}.Debug|Any CPU.Build.0 = Debug|Any CPU
		{3580D030-B74A-4288-B04C-79157989DB36}.Release|Any CPU.ActiveCfg = Release|Any CPU
		{3580D030-B74A-4288-B04C-79157989DB36}.Release|Any CPU.Build.0 = Release|Any CPU
	EndGlobalSection
	GlobalSection(SolutionProperties) = preSolution
		HideSolutionNode = FALSE
	EndGlobalSection
EndGlobal
